// !$*UTF8*$!
{
	archiveVersion = 1;
	classes = {
	};
	objectVersion = 55;
	objects = {

/* Begin PBXBuildFile section */
		425EBD542791BD2B0070D9A1 /* TinderUIApp.swift in Sources */ = {isa = PBXBuildFile; fileRef = 425EBD532791BD2B0070D9A1 /* TinderUIApp.swift */; };
		425EBD582791BD2D0070D9A1 /* Assets.xcassets in Resources */ = {isa = PBXBuildFile; fileRef = 425EBD572791BD2D0070D9A1 /* Assets.xcassets */; };
		425EBD5B2791BD2D0070D9A1 /* Preview Assets.xcassets in Resources */ = {isa = PBXBuildFile; fileRef = 425EBD5A2791BD2D0070D9A1 /* Preview Assets.xcassets */; };
		425EBD632791BD780070D9A1 /* HomeView.swift in Sources */ = {isa = PBXBuildFile; fileRef = 425EBD622791BD780070D9A1 /* HomeView.swift */; };
		42D69F052791C47A0030BD28 /* User.swift in Sources */ = {isa = PBXBuildFile; fileRef = 42D69F042791C47A0030BD28 /* User.swift */; };
		42D69F082791C4DF0030BD28 /* HomeViewModel.swift in Sources */ = {isa = PBXBuildFile; fileRef = 42D69F072791C4DF0030BD28 /* HomeViewModel.swift */; };
		42D69F0A2791C85F0030BD28 /* StackCardView.swift in Sources */ = {isa = PBXBuildFile; fileRef = 42D69F092791C85F0030BD28 /* StackCardView.swift */; };
/* End PBXBuildFile section */

/* Begin PBXFileReference section */
		425EBD502791BD2B0070D9A1 /* TinderUI.app */ = {isa = PBXFileReference; explicitFileType = wrapper.application; includeInIndex = 0; path = TinderUI.app; sourceTree = BUILT_PRODUCTS_DIR; };
		425EBD532791BD2B0070D9A1 /* TinderUIApp.swift */ = {isa = PBXFileReference; lastKnownFileType = sourcecode.swift; path = TinderUIApp.swift; sourceTree = "<group>"; };
		425EBD572791BD2D0070D9A1 /* Assets.xcassets */ = {isa = PBXFileReference; lastKnownFileType = folder.assetcatalog; path = Assets.xcassets; sourceTree = "<group>"; };
		425EBD5A2791BD2D0070D9A1 /* Preview Assets.xcassets */ = {isa = PBXFileReference; lastKnownFileType = folder.assetcatalog; path = "Preview Assets.xcassets"; sourceTree = "<group>"; };
		425EBD622791BD780070D9A1 /* HomeView.swift */ = {isa = PBXFileReference; lastKnownFileType = sourcecode.swift; path = HomeView.swift; sourceTree = "<group>"; };
		42D69F042791C47A0030BD28 /* User.swift */ = {isa = PBXFileReference; lastKnownFileType = sourcecode.swift; path = User.swift; sourceTree = "<group>"; };
		42D69F072791C4DF0030BD28 /* HomeViewModel.swift */ = {isa = PBXFileReference; lastKnownFileType = sourcecode.swift; path = HomeViewModel.swift; sourceTree = "<group>"; };
		42D69F092791C85F0030BD28 /* StackCardView.swift */ = {isa = PBXFileReference; lastKnownFileType = sourcecode.swift; path = StackCardView.swift; sourceTree = "<group>"; };
/* End PBXFileReference section */

/* Begin PBXFrameworksBuildPhase section */
		425EBD4D2791BD2B0070D9A1 /* Frameworks */ = {
			isa = PBXFrameworksBuildPhase;
			buildActionMask = 2147483647;
			files = (
			);
			runOnlyForDeploymentPostprocessing = 0;
		};
/* End PBXFrameworksBuildPhase section */

/* Begin PBXGroup section */
		425EBD472791BD2B0070D9A1 = {
			isa = PBXGroup;
			children = (
				425EBD522791BD2B0070D9A1 /* TinderUI */,
				425EBD512791BD2B0070D9A1 /* Products */,
			);
			sourceTree = "<group>";
		};
		425EBD512791BD2B0070D9A1 /* Products */ = {
			isa = PBXGroup;
			children = (
				425EBD502791BD2B0070D9A1 /* TinderUI.app */,
			);
			name = Products;
			sourceTree = "<group>";
		};
		425EBD522791BD2B0070D9A1 /* TinderUI */ = {
			isa = PBXGroup;
			children = (
				42D69F062791C4D20030BD28 /* ViewModel */,
				42D69F032791C46B0030BD28 /* Model */,
				425EBD612791BD650070D9A1 /* View */,
				425EBD532791BD2B0070D9A1 /* TinderUIApp.swift */,
				425EBD572791BD2D0070D9A1 /* Assets.xcassets */,
				425EBD592791BD2D0070D9A1 /* Preview Content */,
			);
			path = TinderUI;
			sourceTree = "<group>";
		};
		425EBD592791BD2D0070D9A1 /* Preview Content */ = {
			isa = PBXGroup;
			children = (
				425EBD5A2791BD2D0070D9A1 /* Preview Assets.xcassets */,
			);
			path = "Preview Content";
			sourceTree = "<group>";
		};
		425EBD612791BD650070D9A1 /* View */ = {
			isa = PBXGroup;
			children = (
				425EBD622791BD780070D9A1 /* HomeView.swift */,
				42D69F092791C85F0030BD28 /* StackCardView.swift */,
			);
			path = View;
			sourceTree = "<group>";
		};
		42D69F032791C46B0030BD28 /* Model */ = {
			isa = PBXGroup;
			children = (
				42D69F042791C47A0030BD28 /* User.swift */,
			);
			path = Model;
			sourceTree = "<group>";
		};
		42D69F062791C4D20030BD28 /* ViewModel */ = {
			isa = PBXGroup;
			children = (
				42D69F072791C4DF0030BD28 /* HomeViewModel.swift */,
			);
			path = ViewModel;
			sourceTree = "<group>";
		};
/* End PBXGroup section */

/* Begin PBXNativeTarget section */
		425EBD4F2791BD2B0070D9A1 /* TinderUI */ = {
			isa = PBXNativeTarget;
			buildConfigurationList = 425EBD5E2791BD2D0070D9A1 /* Build configuration list for PBXNativeTarget "TinderUI" */;
			buildPhases = (
				425EBD4C2791BD2B0070D9A1 /* Sources */,
				425EBD4D2791BD2B0070D9A1 /* Frameworks */,
				425EBD4E2791BD2B0070D9A1 /* Resources */,
			);
			buildRules = (
			);
			dependencies = (
			);
			name = TinderUI;
			productName = TinderUI;
			productReference = 425EBD502791BD2B0070D9A1 /* TinderUI.app */;
			productType = "com.apple.product-type.application";
		};
/* End PBXNativeTarget section */

/* Begin PBXProject section */
		425EBD482791BD2B0070D9A1 /* Project object */ = {
			isa = PBXProject;
			attributes = {
				BuildIndependentTargetsInParallel = 1;
				LastSwiftUpdateCheck = 1300;
				LastUpgradeCheck = 1300;
				TargetAttributes = {
					425EBD4F2791BD2B0070D9A1 = {
						CreatedOnToolsVersion = 13.0;
					};
				};
			};
			buildConfigurationList = 425EBD4B2791BD2B0070D9A1 /* Build configuration list for PBXProject "TinderUI" */;
			compatibilityVersion = "Xcode 13.0";
			developmentRegion = en;
			hasScannedForEncodings = 0;
			knownRegions = (
				en,
				Base,
			);
			mainGroup = 425EBD472791BD2B0070D9A1;
			productRefGroup = 425EBD512791BD2B0070D9A1 /* Products */;
			projectDirPath = "";
			projectRoot = "";
			targets = (
				425EBD4F2791BD2B0070D9A1 /* TinderUI */,
			);
		};
/* End PBXProject section */

/* Begin PBXResourcesBuildPhase section */
		425EBD4E2791BD2B0070D9A1 /* Resources */ = {
			isa = PBXResourcesBuildPhase;
			buildActionMask = 2147483647;
			files = (
				425EBD5B2791BD2D0070D9A1 /* Preview Assets.xcassets in Resources */,
				425EBD582791BD2D0070D9A1 /* Assets.xcassets in Resources */,
			);
			runOnlyForDeploymentPostprocessing = 0;
		};
/* End PBXResourcesBuildPhase section */

/* Begin PBXSourcesBuildPhase section */
		425EBD4C2791BD2B0070D9A1 /* Sources */ = {
			isa = PBXSourcesBuildPhase;
			buildActionMask = 2147483647;
			files = (
				42D69F052791C47A0030BD28 /* User.swift in Sources */,
				425EBD632791BD780070D9A1 /* HomeView.swift in Sources */,
				42D69F0A2791C85F0030BD28 /* StackCardView.swift in Sources */,
				42D69F082791C4DF0030BD28 /* HomeViewModel.swift in Sources */,
				425EBD542791BD2B0070D9A1 /* TinderUIApp.swift in Sources */,
			);
			runOnlyForDeploymentPostprocessing = 0;
		};
/* End PBXSourcesBuildPhase section */

/* Begin XCBuildConfiguration section */
		425EBD5C2791BD2D0070D9A1 /* Debug */ = {
			isa = XCBuildConfiguration;
			buildSettings = {
				ALWAYS_SEARCH_USER_PATHS = NO;
				CLANG_ANALYZER_NONNULL = YES;
				CLANG_ANALYZER_NUMBER_OBJECT_CONVERSION = YES_AGGRESSIVE;
				CLANG_CXX_LANGUAGE_STANDARD = "gnu++17";
				CLANG_CXX_LIBRARY = "libc++";
				CLANG_ENABLE_MODULES = YES;
				CLANG_ENABLE_OBJC_ARC = YES;
				CLANG_ENABLE_OBJC_WEAK = YES;
				CLANG_WARN_BLOCK_CAPTURE_AUTORELEASING = YES;
				CLANG_WARN_BOOL_CONVERSION = YES;
				CLANG_WARN_COMMA = YES;
				CLANG_WARN_CONSTANT_CONVERSION = YES;
				CLANG_WARN_DEPRECATED_OBJC_IMPLEMENTATIONS = YES;
				CLANG_WARN_DIRECT_OBJC_ISA_USAGE = YES_ERROR;
				CLANG_WARN_DOCUMENTATION_COMMENTS = YES;
				CLANG_WARN_EMPTY_BODY = YES;
				CLANG_WARN_ENUM_CONVERSION = YES;
				CLANG_WARN_INFINITE_RECURSION = YES;
				CLANG_WARN_INT_CONVERSION = YES;
				CLANG_WARN_NON_LITERAL_NULL_CONVERSION = YES;
				CLANG_WARN_OBJC_IMPLICIT_RETAIN_SELF = YES;
				CLANG_WARN_OBJC_LITERAL_CONVERSION = YES;
				CLANG_WARN_OBJC_ROOT_CLASS = YES_ERROR;
				CLANG_WARN_QUOTED_INCLUDE_IN_FRAMEWORK_HEADER = YES;
				CLANG_WARN_RANGE_LOOP_ANALYSIS = YES;
				CLANG_WARN_STRICT_PROTOTYPES = YES;
				CLANG_WARN_SUSPICIOUS_MOVE = YES;
				CLANG_WARN_UNGUARDED_AVAILABILITY = YES_AGGRESSIVE;
				CLANG_WARN_UNREACHABLE_CODE = YES;
				CLANG_WARN__DUPLICATE_METHOD_MATCH = YES;
				COPY_PHASE_STRIP = NO;
				DEBUG_INFORMATION_FORMAT = dwarf;
				ENABLE_STRICT_OBJC_MSGSEND = YES;
				ENABLE_TESTABILITY = YES;
				GCC_C_LANGUAGE_STANDARD = gnu11;
				GCC_DYNAMIC_NO_PIC = NO;
				GCC_NO_COMMON_BLOCKS = YES;
				GCC_OPTIMIZATION_LEVEL = 0;
				GCC_PREPROCESSOR_DEFINITIONS = (
					"DEBUG=1",
					"$(inherited)",
				);
				GCC_WARN_64_TO_32_BIT_CONVERSION = YES;
				GCC_WARN_ABOUT_RETURN_TYPE = YES_ERROR;
				GCC_WARN_UNDECLARED_SELECTOR = YES;
				GCC_WARN_UNINITIALIZED_AUTOS = YES_AGGRESSIVE;
				GCC_WARN_UNUSED_FUNCTION = YES;
				GCC_WARN_UNUSED_VARIABLE = YES;
				IPHONEOS_DEPLOYMENT_TARGET = 15.0;
				MTL_ENABLE_DEBUG_INFO = INCLUDE_SOURCE;
				MTL_FAST_MATH = YES;
				ONLY_ACTIVE_ARCH = YES;
				SDKROOT = iphoneos;
				SWIFT_ACTIVE_COMPILATION_CONDITIONS = DEBUG;
				SWIFT_OPTIMIZATION_LEVEL = "-Onone";
			};
			name = Debug;
		};
		425EBD5D2791BD2D0070D9A1 /* Release */ = {
			isa = XCBuildConfiguration;
			buildSettings = {
				ALWAYS_SEARCH_USER_PATHS = NO;
				CLANG_ANALYZER_NONNULL = YES;
				CLANG_ANALYZER_NUMBER_OBJECT_CONVERSION = YES_AGGRESSIVE;
				CLANG_CXX_LANGUAGE_STANDARD = "gnu++17";
				CLANG_CXX_LIBRARY = "libc++";
				CLANG_ENABLE_MODULES = YES;
				CLANG_ENABLE_OBJC_ARC = YES;
				CLANG_ENABLE_OBJC_WEAK = YES;
				CLANG_WARN_BLOCK_CAPTURE_AUTORELEASING = YES;
				CLANG_WARN_BOOL_CONVERSION = YES;
				CLANG_WARN_COMMA = YES;
				CLANG_WARN_CONSTANT_CONVERSION = YES;
				CLANG_WARN_DEPRECATED_OBJC_IMPLEMENTATIONS = YES;
				CLANG_WARN_DIRECT_OBJC_ISA_USAGE = YES_ERROR;
				CLANG_WARN_DOCUMENTATION_COMMENTS = YES;
				CLANG_WARN_EMPTY_BODY = YES;
				CLANG_WARN_ENUM_CONVERSION = YES;
				CLANG_WARN_INFINITE_RECURSION = YES;
				CLANG_WARN_INT_CONVERSION = YES;
				CLANG_WARN_NON_LITERAL_NULL_CONVERSION = YES;
				CLANG_WARN_OBJC_IMPLICIT_RETAIN_SELF = YES;
				CLANG_WARN_OBJC_LITERAL_CONVERSION = YES;
				CLANG_WARN_OBJC_ROOT_CLASS = YES_ERROR;
				CLANG_WARN_QUOTED_INCLUDE_IN_FRAMEWORK_HEADER = YES;
				CLANG_WARN_RANGE_LOOP_ANALYSIS = YES;
				CLANG_WARN_STRICT_PROTOTYPES = YES;
				CLANG_WARN_SUSPICIOUS_MOVE = YES;
				CLANG_WARN_UNGUARDED_AVAILABILITY = YES_AGGRESSIVE;
				CLANG_WARN_UNREACHABLE_CODE = YES;
				CLANG_WARN__DUPLICATE_METHOD_MATCH = YES;
				COPY_PHASE_STRIP = NO;
				DEBUG_INFORMATION_FORMAT = "dwarf-with-dsym";
				ENABLE_NS_ASSERTIONS = NO;
				ENABLE_STRICT_OBJC_MSGSEND = YES;
				GCC_C_LANGUAGE_STANDARD = gnu11;
				GCC_NO_COMMON_BLOCKS = YES;
				GCC_WARN_64_TO_32_BIT_CONVERSION = YES;
				GCC_WARN_ABOUT_RETURN_TYPE = YES_ERROR;
				GCC_WARN_UNDECLARED_SELECTOR = YES;
				GCC_WARN_UNINITIALIZED_AUTOS = YES_AGGRESSIVE;
				GCC_WARN_UNUSED_FUNCTION = YES;
				GCC_WARN_UNUSED_VARIABLE = YES;
				IPHONEOS_DEPLOYMENT_TARGET = 15.0;
				MTL_ENABLE_DEBUG_INFO = NO;
				MTL_FAST_MATH = YES;
				SDKROOT = iphoneos;
				SWIFT_COMPILATION_MODE = wholemodule;
				SWIFT_OPTIMIZATION_LEVEL = "-O";
				VALIDATE_PRODUCT = YES;
			};
			name = Release;
		};
		425EBD5F2791BD2D0070D9A1 /* Debug */ = {
			isa = XCBuildConfiguration;
			buildSettings = {
				ASSETCATALOG_COMPILER_APPICON_NAME = AppIcon;
				ASSETCATALOG_COMPILER_GLOBAL_ACCENT_COLOR_NAME = AccentColor;
				CODE_SIGN_STYLE = Automatic;
				CURRENT_PROJECT_VERSION = 1;
				DEVELOPMENT_ASSET_PATHS = "\"TinderUI/Preview Content\"";
				DEVELOPMENT_TEAM = 2578HQNPSE;
				ENABLE_PREVIEWS = YES;
				GENERATE_INFOPLIST_FILE = YES;
				INFOPLIST_KEY_UIApplicationSceneManifest_Generation = YES;
				INFOPLIST_KEY_UIApplicationSupportsIndirectInputEvents = YES;
				INFOPLIST_KEY_UILaunchScreen_Generation = YES;
				INFOPLIST_KEY_UISupportedInterfaceOrientations_iPad = "UIInterfaceOrientationPortrait UIInterfaceOrientationPortraitUpsideDown UIInterfaceOrientationLandscapeLeft UIInterfaceOrientationLandscapeRight";
				INFOPLIST_KEY_UISupportedInterfaceOrientations_iPhone = "UIInterfaceOrientationPortrait UIInterfaceOrientationLandscapeLeft UIInterfaceOrientationLandscapeRight";
				IPHONEOS_DEPLOYMENT_TARGET = 14.0;
				LD_RUNPATH_SEARCH_PATHS = (
					"$(inherited)",
					"@executable_path/Frameworks",
				);
				MARKETING_VERSION = 1.0;
				PRODUCT_BUNDLE_IDENTIFIER = br.com.kleytonsantos.TinderUI;
				PRODUCT_NAME = "$(TARGET_NAME)";
				SWIFT_EMIT_LOC_STRINGS = YES;
				SWIFT_VERSION = 5.0;
				TARGETED_DEVICE_FAMILY = "1,2";
			};
			name = Debug;
		};
		425EBD602791BD2D0070D9A1 /* Release */ = {
			isa = XCBuildConfiguration;
			buildSettings = {
				ASSETCATALOG_COMPILER_APPICON_NAME = AppIcon;
				ASSETCATALOG_COMPILER_GLOBAL_ACCENT_COLOR_NAME = AccentColor;
				CODE_SIGN_STYLE = Automatic;
				CURRENT_PROJECT_VERSION = 1;
				DEVELOPMENT_ASSET_PATHS = "\"TinderUI/Preview Content\"";
				DEVELOPMENT_TEAM = 2578HQNPSE;
				ENABLE_PREVIEWS = YES;
				GENERATE_INFOPLIST_FILE = YES;
				INFOPLIST_KEY_UIApplicationSceneManifest_Generation = YES;
				INFOPLIST_KEY_UIApplicationSupportsIndirectInputEvents = YES;
				INFOPLIST_KEY_UILaunchScreen_Generation = YES;
				INFOPLIST_KEY_UISupportedInterfaceOrientations_iPad = "UIInterfaceOrientationPortrait UIInterfaceOrientationPortraitUpsideDown UIInterfaceOrientationLandscapeLeft UIInterfaceOrientationLandscapeRight";
				INFOPLIST_KEY_UISupportedInterfaceOrientations_iPhone = "UIInterfaceOrientationPortrait UIInterfaceOrientationLandscapeLeft UIInterfaceOrientationLandscapeRight";
				IPHONEOS_DEPLOYMENT_TARGET = 14.0;
				LD_RUNPATH_SEARCH_PATHS = (
					"$(inherited)",
					"@executable_path/Frameworks",
				);
				MARKETING_VERSION = 1.0;
				PRODUCT_BUNDLE_IDENTIFIER = br.com.kleytonsantos.TinderUI;
				PRODUCT_NAME = "$(TARGET_NAME)";
				SWIFT_EMIT_LOC_STRINGS = YES;
				SWIFT_VERSION = 5.0;
				TARGETED_DEVICE_FAMILY = "1,2";
			};
			name = Release;
		};
/* End XCBuildConfiguration section */

/* Begin XCConfigurationList section */
		425EBD4B2791BD2B0070D9A1 /* Build configuration list for PBXProject "TinderUI" */ = {
			isa = XCConfigurationList;
			buildConfigurations = (
				425EBD5C2791BD2D0070D9A1 /* Debug */,
				425EBD5D2791BD2D0070D9A1 /* Release */,
			);
			defaultConfigurationIsVisible = 0;
			defaultConfigurationName = Release;
		};
		425EBD5E2791BD2D0070D9A1 /* Build configuration list for PBXNativeTarget "TinderUI" */ = {
			isa = XCConfigurationList;
			buildConfigurations = (
				425EBD5F2791BD2D0070D9A1 /* Debug */,
				425EBD602791BD2D0070D9A1 /* Release */,
			);
			defaultConfigurationIsVisible = 0;
			defaultConfigurationName = Release;
		};
/* End XCConfigurationList section */
	};
	rootObject = 425EBD482791BD2B0070D9A1 /* Project object */;
}
